// !$*UTF8*$!
{
	archiveVersion = 1;
	classes = {
	};
	objectVersion = 46;
	objects = {

/* Begin PBXBuildFile section */
		8B68A6D61BFB3F9600E51B8D /* AppDelegate.swift in Sources */ = {isa = PBXBuildFile; fileRef = 8B68A6D51BFB3F9600E51B8D /* AppDelegate.swift */; };
		8B68A6D81BFB3F9600E51B8D /* ViewController.swift in Sources */ = {isa = PBXBuildFile; fileRef = 8B68A6D71BFB3F9600E51B8D /* ViewController.swift */; };
		8B68A6DB1BFB3F9600E51B8D /* Main.storyboard in Resources */ = {isa = PBXBuildFile; fileRef = 8B68A6D91BFB3F9600E51B8D /* Main.storyboard */; };
		8B68A6DD1BFB3F9600E51B8D /* Assets.xcassets in Resources */ = {isa = PBXBuildFile; fileRef = 8B68A6DC1BFB3F9600E51B8D /* Assets.xcassets */; };
		8B68A6E01BFB3F9600E51B8D /* LaunchScreen.storyboard in Resources */ = {isa = PBXBuildFile; fileRef = 8B68A6DE1BFB3F9600E51B8D /* LaunchScreen.storyboard */; };
/* End PBXBuildFile section */

/* Begin PBXFileReference section */
		8B68A6D21BFB3F9600E51B8D /* pedticionALaRed.app */ = {isa = PBXFileReference; explicitFileType = wrapper.application; includeInIndex = 0; path = pedticionALaRed.app; sourceTree = BUILT_PRODUCTS_DIR; };
		8B68A6D51BFB3F9600E51B8D /* AppDelegate.swift */ = {isa = PBXFileReference; lastKnownFileType = sourcecode.swift; path = AppDelegate.swift; sourceTree = "<group>"; };
		8B68A6D71BFB3F9600E51B8D /* ViewController.swift */ = {isa = PBXFileReference; lastKnownFileType = sourcecode.swift; path = ViewController.swift; sourceTree = "<group>"; };
		8B68A6DA1BFB3F9600E51B8D /* Base */ = {isa = PBXFileReference; lastKnownFileType = file.storyboard; name = Base; path = Base.lproj/Main.storyboard; sourceTree = "<group>"; };
		8B68A6DC1BFB3F9600E51B8D /* Assets.xcassets */ = {isa = PBXFileReference; lastKnownFileType = folder.assetcatalog; path = Assets.xcassets; sourceTree = "<group>"; };
		8B68A6DF1BFB3F9600E51B8D /* Base */ = {isa = PBXFileReference; lastKnownFileType = file.storyboard; name = Base; path = Base.lproj/LaunchScreen.storyboard; sourceTree = "<group>"; };
		8B68A6E11BFB3F9600E51B8D /* Info.plist */ = {isa = PBXFileReference; lastKnownFileType = text.plist.xml; path = Info.plist; sourceTree = "<group>"; };
/* End PBXFileReference section */

/* Begin PBXFrameworksBuildPhase section */
		8B68A6CF1BFB3F9600E51B8D /* Frameworks */ = {
			isa = PBXFrameworksBuildPhase;
			buildActionMask = 2147483647;
			files = (
			);
			runOnlyForDeploymentPostprocessing = 0;
		};
/* End PBXFrameworksBuildPhase section */

/* Begin PBXGroup section */
		8B68A6C91BFB3F9600E51B8D = {
			isa = PBXGroup;
			children = (
				8B68A6D41BFB3F9600E51B8D /* pedticionALaRed */,
				8B68A6D31BFB3F9600E51B8D /* Products */,
			);
			sourceTree = "<group>";
		};
		8B68A6D31BFB3F9600E51B8D /* Products */ = {
			isa = PBXGroup;
			children = (
				8B68A6D21BFB3F9600E51B8D /* pedticionALaRed.app */,
			);
			name = Products;
			sourceTree = "<group>";
		};
		8B68A6D41BFB3F9600E51B8D /* pedticionALaRed */ = {
			isa = PBXGroup;
			children = (
				8B68A6D51BFB3F9600E51B8D /* AppDelegate.swift */,
				8B68A6D71BFB3F9600E51B8D /* ViewController.swift */,
				8B68A6D91BFB3F9600E51B8D /* Main.storyboard */,
				8B68A6DC1BFB3F9600E51B8D /* Assets.xcassets */,
				8B68A6DE1BFB3F9600E51B8D /* LaunchScreen.storyboard */,
				8B68A6E11BFB3F9600E51B8D /* Info.plist */,
			);
			path = pedticionALaRed;
			sourceTree = "<group>";
		};
/* End PBXGroup section */

/* Begin PBXNativeTarget section */
		8B68A6D11BFB3F9600E51B8D /* pedticionALaRed */ = {
			isa = PBXNativeTarget;
			buildConfigurationList = 8B68A6E41BFB3F9600E51B8D /* Build configuration list for PBXNativeTarget "pedticionALaRed" */;
			buildPhases = (
				8B68A6CE1BFB3F9600E51B8D /* Sources */,
				8B68A6CF1BFB3F9600E51B8D /* Frameworks */,
				8B68A6D01BFB3F9600E51B8D /* Resources */,
			);
			buildRules = (
			);
			dependencies = (
			);
			name = pedticionALaRed;
			productName = pedticionALaRed;
			productReference = 8B68A6D21BFB3F9600E51B8D /* pedticionALaRed.app */;
			productType = "com.apple.product-type.application";
		};
/* End PBXNativeTarget section */

/* Begin PBXProject section */
		8B68A6CA1BFB3F9600E51B8D /* Project object */ = {
			isa = PBXProject;
			attributes = {
				LastSwiftUpdateCheck = 0710;
				LastUpgradeCheck = 0710;
				ORGANIZATIONNAME = "Danilo Adriano Gallardo";
				TargetAttributes = {
					8B68A6D11BFB3F9600E51B8D = {
						CreatedOnToolsVersion = 7.1.1;
						DevelopmentTeam = 793PSV7L64;
						SystemCapabilities = {
							com.apple.WAC = {
								enabled = 0;
							};
						};
					};
				};
			};
			buildConfigurationList = 8B68A6CD1BFB3F9600E51B8D /* Build configuration list for PBXProject "pedticionALaRed" */;
			compatibilityVersion = "Xcode 3.2";
			developmentRegion = English;
			hasScannedForEncodings = 0;
			knownRegions = (
				en,
				Base,
			);
			mainGroup = 8B68A6C91BFB3F9600E51B8D;
			productRefGroup = 8B68A6D31BFB3F9600E51B8D /* Products */;
			projectDirPath = "";
			projectRoot = "";
			targets = (
				8B68A6D11BFB3F9600E51B8D /* pedticionALaRed */,
			);
		};
/* End PBXProject section */

/* Begin PBXResourcesBuildPhase section */
		8B68A6D01BFB3F9600E51B8D /* Resources */ = {
			isa = PBXResourcesBuildPhase;
			buildActionMask = 2147483647;
			files = (
				8B68A6E01BFB3F9600E51B8D /* LaunchScreen.storyboard in Resources */,
				8B68A6DD1BFB3F9600E51B8D /* Assets.xcassets in Resources */,
				8B68A6DB1BFB3F9600E51B8D /* Main.storyboard in Resources */,
			);
			runOnlyForDeploymentPostprocessing = 0;
		};
/* End PBXResourcesBuildPhase section */

/* Begin PBXSourcesBuildPhase section */
		8B68A6CE1BFB3F9600E51B8D /* Sources */ = {
			isa = PBXSourcesBuildPhase;
			buildActionMask = 2147483647;
			files = (
				8B68A6D81BFB3F9600E51B8D /* ViewController.swift in Sources */,
				8B68A6D61BFB3F9600E51B8D /* AppDelegate.swift in Sources */,
			);
			runOnlyForDeploymentPostprocessing = 0;
		};
/* End PBXSourcesBuildPhase section */

/* Begin PBXVariantGroup section */
		8B68A6D91BFB3F9600E51B8D /* Main.storyboard */ = {
			isa = PBXVariantGroup;
			children = (
				8B68A6DA1BFB3F9600E51B8D /* Base */,
			);
			name = Main.storyboard;
			sourceTree = "<group>";
		};
		8B68A6DE1BFB3F9600E51B8D /* LaunchScreen.storyboard */ = {
			isa = PBXVariantGroup;
			children = (
				8B68A6DF1BFB3F9600E51B8D /* Base */,
			);
			name = LaunchScreen.storyboard;
			sourceTree = "<group>";
		};
/* End PBXVariantGroup section */

/* Begin XCBuildConfiguration section */
		8B68A6E21BFB3F9600E51B8D /* Debug */ = {
			isa = XCBuildConfiguration;
			buildSettings = {
				ALWAYS_SEARCH_USER_PATHS = NO;
				CLANG_CXX_LANGUAGE_STANDARD = "gnu++0x";
				CLANG_CXX_LIBRARY = "libc++";
				CLANG_ENABLE_MODULES = YES;
				CLANG_ENABLE_OBJC_ARC = YES;
				CLANG_WARN_BOOL_CONVERSION = YES;
				CLANG_WARN_CONSTANT_CONVERSION = YES;
				CLANG_WARN_DIRECT_OBJC_ISA_USAGE = YES_ERROR;
				CLANG_WARN_EMPTY_BODY = YES;
				CLANG_WARN_ENUM_CONVERSION = YES;
				CLANG_WARN_INT_CONVERSION = YES;
				CLANG_WARN_OBJC_ROOT_CLASS = YES_ERROR;
				CLANG_WARN_UNREACHABLE_CODE = YES;
				CLANG_WARN__DUPLICATE_METHOD_MATCH = YES;
				"CODE_SIGN_IDENTITY[sdk=iphoneos*]" = "iPhone Developer";
				COPY_PHASE_STRIP = NO;
				DEBUG_INFORMATION_FORMAT = dwarf;
				ENABLE_STRICT_OBJC_MSGSEND = YES;
				ENABLE_TESTABILITY = YES;
				GCC_C_LANGUAGE_STANDARD = gnu99;
				GCC_DYNAMIC_NO_PIC = NO;
				GCC_NO_COMMON_BLOCKS = YES;
				GCC_OPTIMIZATION_LEVEL = 0;
				GCC_PREPROCESSOR_DEFINITIONS = (
					"DEBUG=1",
					"$(inherited)",
				);
				GCC_WARN_64_TO_32_BIT_CONVERSION = YES;
				GCC_WARN_ABOUT_RETURN_TYPE = YES_ERROR;
				GCC_WARN_UNDECLARED_SELECTOR = YES;
				GCC_WARN_UNINITIALIZED_AUTOS = YES_AGGRESSIVE;
				GCC_WARN_UNUSED_FUNCTION = YES;
				GCC_WARN_UNUSED_VARIABLE = YES;
				IPHONEOS_DEPLOYMENT_TARGET = 9.1;
				MTL_ENABLE_DEBUG_INFO = YES;
				ONLY_ACTIVE_ARCH = YES;
				SDKROOT = iphoneos;
				SWIFT_OPTIMIZATION_LEVEL = "-Onone";
			};
			name = Debug;
		};
		8B68A6E31BFB3F9600E51B8D /* Release */ = {
			isa = XCBuildConfiguration;
			buildSettings = {
				ALWAYS_SEARCH_USER_PATHS = NO;
				CLANG_CXX_LANGUAGE_STANDARD = "gnu++0x";
				CLANG_CXX_LIBRARY = "libc++";
				CLANG_ENABLE_MODULES = YES;
				CLANG_ENABLE_OBJC_ARC = YES;
				CLANG_WARN_BOOL_CONVERSION = YES;
				CLANG_WARN_CONSTANT_CONVERSION = YES;
				CLANG_WARN_DIRECT_OBJC_ISA_USAGE = YES_ERROR;
				CLANG_WARN_EMPTY_BODY = YES;
				CLANG_WARN_ENUM_CONVERSION = YES;
				CLANG_WARN_INT_CONVERSION = YES;
				CLANG_WARN_OBJC_ROOT_CLASS = YES_ERROR;
				CLANG_WARN_UNREACHABLE_CODE = YES;
				CLANG_WARN__DUPLICATE_METHOD_MATCH = YES;
				"CODE_SIGN_IDENTITY[sdk=iphoneos*]" = "iPhone Developer";
				COPY_PHASE_STRIP = NO;
				DEBUG_INFORMATION_FORMAT = "dwarf-with-dsym";
				ENABLE_NS_ASSERTIONS = NO;
				ENABLE_STRICT_OBJC_MSGSEND = YES;
				GCC_C_LANGUAGE_STANDARD = gnu99;
				GCC_NO_COMMON_BLOCKS = YES;
				GCC_WARN_64_TO_32_BIT_CONVERSION = YES;
				GCC_WARN_ABOUT_RETURN_TYPE = YES_ERROR;
				GCC_WARN_UNDECLARED_SELECTOR = YES;
				GCC_WARN_UNINITIALIZED_AUTOS = YES_AGGRESSIVE;
				GCC_WARN_UNUSED_FUNCTION = YES;
				GCC_WARN_UNUSED_VARIABLE = YES;
				IPHONEOS_DEPLOYMENT_TARGET = 9.1;
				MTL_ENABLE_DEBUG_INFO = NO;
				SDKROOT = iphoneos;
				VALIDATE_PRODUCT = YES;
			};
			name = Release;
		};
		8B68A6E51BFB3F9600E51B8D /* Debug */ = {
			isa = XCBuildConfiguration;
			buildSettings = {
				ASSETCATALOG_COMPILER_APPICON_NAME = AppIcon;
				CODE_SIGN_IDENTITY = "iPhone Developer";
				"CODE_SIGN_IDENTITY[sdk=iphoneos*]" = "iPhone Developer";
				INFOPLIST_FILE = pedticionALaRed/Info.plist;
				IPHONEOS_DEPLOYMENT_TARGET = 9.0;
				LD_RUNPATH_SEARCH_PATHS = "$(inherited) @executable_path/Frameworks";
				PRODUCT_BUNDLE_IDENTIFIER = adn.pedticionALaRed;
				PRODUCT_NAME = "$(TARGET_NAME)";
				PROVISIONING_PROFILE = "";
			};
			name = Debug;
		};
		8B68A6E61BFB3F9600E51B8D /* Release */ = {
			isa = XCBuildConfiguration;
			buildSettings = {
				ASSETCATALOG_COMPILER_APPICON_NAME = AppIcon;
				CODE_SIGN_IDENTITY = "iPhone Developer";
				"CODE_SIGN_IDENTITY[sdk=iphoneos*]" = "iPhone Developer";
				INFOPLIST_FILE = pedticionALaRed/Info.plist;
				IPHONEOS_DEPLOYMENT_TARGET = 9.0;
				LD_RUNPATH_SEARCH_PATHS = "$(inherited) @executable_path/Frameworks";
				PRODUCT_BUNDLE_IDENTIFIER = adn.pedticionALaRed;
				PRODUCT_NAME = "$(TARGET_NAME)";
				PROVISIONING_PROFILE = "";
			};
			name = Release;
		};
/* End XCBuildConfiguration section */

/* Begin XCConfigurationList section */
		8B68A6CD1BFB3F9600E51B8D /* Build configuration list for PBXProject "pedticionALaRed" */ = {
			isa = XCConfigurationList;
			buildConfigurations = (
				8B68A6E21BFB3F9600E51B8D /* Debug */,
				8B68A6E31BFB3F9600E51B8D /* Release */,
			);
			defaultConfigurationIsVisible = 0;
			defaultConfigurationName = Release;
		};
		8B68A6E41BFB3F9600E51B8D /* Build configuration list for PBXNativeTarget "pedticionALaRed" */ = {
			isa = XCConfigurationList;
			buildConfigurations = (
				8B68A6E51BFB3F9600E51B8D /* Debug */,
				8B68A6E61BFB3F9600E51B8D /* Release */,
			);
			defaultConfigurationIsVisible = 0;
		};
/* End XCConfigurationList section */
	};
	rootObject = 8B68A6CA1BFB3F9600E51B8D /* Project object */;
}
